// !$*UTF8*$!
{
	archiveVersion = 1;
	classes = {
	};
	objectVersion = 55;
	objects = {

/* Begin PBXBuildFile section */
		9960AA5D27A14C21000737C5 /* Shefi_Prrenjas_App_Store_Lac_VegasApp.swift in Sources */ = {isa = PBXBuildFile; fileRef = 9960AA5C27A14C21000737C5 /* Shefi_Prrenjas_App_Store_Lac_VegasApp.swift */; };
		9960AA5F27A14C21000737C5 /* ContentView.swift in Sources */ = {isa = PBXBuildFile; fileRef = 9960AA5E27A14C21000737C5 /* ContentView.swift */; };
		9960AA6127A14C22000737C5 /* Assets.xcassets in Resources */ = {isa = PBXBuildFile; fileRef = 9960AA6027A14C22000737C5 /* Assets.xcassets */; };
		9960AA6427A14C22000737C5 /* Preview Assets.xcassets in Resources */ = {isa = PBXBuildFile; fileRef = 9960AA6327A14C22000737C5 /* Preview Assets.xcassets */; };
		9960AA6E27A14C22000737C5 /* Shefi_Prrenjas_App_Store_Lac_VegasTests.swift in Sources */ = {isa = PBXBuildFile; fileRef = 9960AA6D27A14C22000737C5 /* Shefi_Prrenjas_App_Store_Lac_VegasTests.swift */; };
		9960AA7827A14C22000737C5 /* Shefi_Prrenjas_App_Store_Lac_VegasUITests.swift in Sources */ = {isa = PBXBuildFile; fileRef = 9960AA7727A14C22000737C5 /* Shefi_Prrenjas_App_Store_Lac_VegasUITests.swift */; };
		9960AA7A27A14C22000737C5 /* Shefi_Prrenjas_App_Store_Lac_VegasUITestsLaunchTests.swift in Sources */ = {isa = PBXBuildFile; fileRef = 9960AA7927A14C22000737C5 /* Shefi_Prrenjas_App_Store_Lac_VegasUITestsLaunchTests.swift */; };
/* End PBXBuildFile section */

/* Begin PBXContainerItemProxy section */
		9960AA6A27A14C22000737C5 /* PBXContainerItemProxy */ = {
			isa = PBXContainerItemProxy;
			containerPortal = 9960AA5127A14C21000737C5 /* Project object */;
			proxyType = 1;
			remoteGlobalIDString = 9960AA5827A14C21000737C5;
			remoteInfo = "Shefi Prrenjas App Store Lac Vegas";
		};
		9960AA7427A14C22000737C5 /* PBXContainerItemProxy */ = {
			isa = PBXContainerItemProxy;
			containerPortal = 9960AA5127A14C21000737C5 /* Project object */;
			proxyType = 1;
			remoteGlobalIDString = 9960AA5827A14C21000737C5;
			remoteInfo = "Shefi Prrenjas App Store Lac Vegas";
		};
/* End PBXContainerItemProxy section */

/* Begin PBXFileReference section */
		9960AA5927A14C21000737C5 /* Shefi Prrenjas App Store Lac Vegas.app */ = {isa = PBXFileReference; explicitFileType = wrapper.application; includeInIndex = 0; path = "Shefi Prrenjas App Store Lac Vegas.app"; sourceTree = BUILT_PRODUCTS_DIR; };
		9960AA5C27A14C21000737C5 /* Shefi_Prrenjas_App_Store_Lac_VegasApp.swift */ = {isa = PBXFileReference; lastKnownFileType = sourcecode.swift; path = Shefi_Prrenjas_App_Store_Lac_VegasApp.swift; sourceTree = "<group>"; };
		9960AA5E27A14C21000737C5 /* ContentView.swift */ = {isa = PBXFileReference; lastKnownFileType = sourcecode.swift; path = ContentView.swift; sourceTree = "<group>"; };
		9960AA6027A14C22000737C5 /* Assets.xcassets */ = {isa = PBXFileReference; lastKnownFileType = folder.assetcatalog; path = Assets.xcassets; sourceTree = "<group>"; };
		9960AA6327A14C22000737C5 /* Preview Assets.xcassets */ = {isa = PBXFileReference; lastKnownFileType = folder.assetcatalog; path = "Preview Assets.xcassets"; sourceTree = "<group>"; };
		9960AA6927A14C22000737C5 /* Shefi Prrenjas App Store Lac VegasTests.xctest */ = {isa = PBXFileReference; explicitFileType = wrapper.cfbundle; includeInIndex = 0; path = "Shefi Prrenjas App Store Lac VegasTests.xctest"; sourceTree = BUILT_PRODUCTS_DIR; };
		9960AA6D27A14C22000737C5 /* Shefi_Prrenjas_App_Store_Lac_VegasTests.swift */ = {isa = PBXFileReference; lastKnownFileType = sourcecode.swift; path = Shefi_Prrenjas_App_Store_Lac_VegasTests.swift; sourceTree = "<group>"; };
		9960AA7327A14C22000737C5 /* Shefi Prrenjas App Store Lac VegasUITests.xctest */ = {isa = PBXFileReference; explicitFileType = wrapper.cfbundle; includeInIndex = 0; path = "Shefi Prrenjas App Store Lac VegasUITests.xctest"; sourceTree = BUILT_PRODUCTS_DIR; };
		9960AA7727A14C22000737C5 /* Shefi_Prrenjas_App_Store_Lac_VegasUITests.swift */ = {isa = PBXFileReference; lastKnownFileType = sourcecode.swift; path = Shefi_Prrenjas_App_Store_Lac_VegasUITests.swift; sourceTree = "<group>"; };
		9960AA7927A14C22000737C5 /* Shefi_Prrenjas_App_Store_Lac_VegasUITestsLaunchTests.swift */ = {isa = PBXFileReference; lastKnownFileType = sourcecode.swift; path = Shefi_Prrenjas_App_Store_Lac_VegasUITestsLaunchTests.swift; sourceTree = "<group>"; };
/* End PBXFileReference section */

/* Begin PBXFrameworksBuildPhase section */
		9960AA5627A14C21000737C5 /* Frameworks */ = {
			isa = PBXFrameworksBuildPhase;
			buildActionMask = 2147483647;
			files = (
			);
			runOnlyForDeploymentPostprocessing = 0;
		};
		9960AA6627A14C22000737C5 /* Frameworks */ = {
			isa = PBXFrameworksBuildPhase;
			buildActionMask = 2147483647;
			files = (
			);
			runOnlyForDeploymentPostprocessing = 0;
		};
		9960AA7027A14C22000737C5 /* Frameworks */ = {
			isa = PBXFrameworksBuildPhase;
			buildActionMask = 2147483647;
			files = (
			);
			runOnlyForDeploymentPostprocessing = 0;
		};
/* End PBXFrameworksBuildPhase section */

/* Begin PBXGroup section */
		9960AA5027A14C21000737C5 = {
			isa = PBXGroup;
			children = (
				9960AA5B27A14C21000737C5 /* Shefi Prrenjas App Store Lac Vegas */,
				9960AA6C27A14C22000737C5 /* Shefi Prrenjas App Store Lac VegasTests */,
				9960AA7627A14C22000737C5 /* Shefi Prrenjas App Store Lac VegasUITests */,
				9960AA5A27A14C21000737C5 /* Products */,
			);
			sourceTree = "<group>";
		};
		9960AA5A27A14C21000737C5 /* Products */ = {
			isa = PBXGroup;
			children = (
				9960AA5927A14C21000737C5 /* Shefi Prrenjas App Store Lac Vegas.app */,
				9960AA6927A14C22000737C5 /* Shefi Prrenjas App Store Lac VegasTests.xctest */,
				9960AA7327A14C22000737C5 /* Shefi Prrenjas App Store Lac VegasUITests.xctest */,
			);
			name = Products;
			sourceTree = "<group>";
		};
		9960AA5B27A14C21000737C5 /* Shefi Prrenjas App Store Lac Vegas */ = {
			isa = PBXGroup;
			children = (
				9960AA5C27A14C21000737C5 /* Shefi_Prrenjas_App_Store_Lac_VegasApp.swift */,
				9960AA5E27A14C21000737C5 /* ContentView.swift */,
				9960AA6027A14C22000737C5 /* Assets.xcassets */,
				9960AA6227A14C22000737C5 /* Preview Content */,
			);
			path = "Shefi Prrenjas App Store Lac Vegas";
			sourceTree = "<group>";
		};
		9960AA6227A14C22000737C5 /* Preview Content */ = {
			isa = PBXGroup;
			children = (
				9960AA6327A14C22000737C5 /* Preview Assets.xcassets */,
			);
			path = "Preview Content";
			sourceTree = "<group>";
		};
		9960AA6C27A14C22000737C5 /* Shefi Prrenjas App Store Lac VegasTests */ = {
			isa = PBXGroup;
			children = (
				9960AA6D27A14C22000737C5 /* Shefi_Prrenjas_App_Store_Lac_VegasTests.swift */,
			);
			path = "Shefi Prrenjas App Store Lac VegasTests";
			sourceTree = "<group>";
		};
		9960AA7627A14C22000737C5 /* Shefi Prrenjas App Store Lac VegasUITests */ = {
			isa = PBXGroup;
			children = (
				9960AA7727A14C22000737C5 /* Shefi_Prrenjas_App_Store_Lac_VegasUITests.swift */,
				9960AA7927A14C22000737C5 /* Shefi_Prrenjas_App_Store_Lac_VegasUITestsLaunchTests.swift */,
			);
			path = "Shefi Prrenjas App Store Lac VegasUITests";
			sourceTree = "<group>";
		};
/* End PBXGroup section */

/* Begin PBXNativeTarget section */
		9960AA5827A14C21000737C5 /* Shefi Prrenjas App Store Lac Vegas */ = {
			isa = PBXNativeTarget;
			buildConfigurationList = 9960AA7D27A14C22000737C5 /* Build configuration list for PBXNativeTarget "Shefi Prrenjas App Store Lac Vegas" */;
			buildPhases = (
				9960AA5527A14C21000737C5 /* Sources */,
				9960AA5627A14C21000737C5 /* Frameworks */,
				9960AA5727A14C21000737C5 /* Resources */,
			);
			buildRules = (
			);
			dependencies = (
			);
			name = "Shefi Prrenjas App Store Lac Vegas";
			productName = "Shefi Prrenjas App Store Lac Vegas";
			productReference = 9960AA5927A14C21000737C5 /* Shefi Prrenjas App Store Lac Vegas.app */;
			productType = "com.apple.product-type.application";
		};
		9960AA6827A14C22000737C5 /* Shefi Prrenjas App Store Lac VegasTests */ = {
			isa = PBXNativeTarget;
			buildConfigurationList = 9960AA8027A14C22000737C5 /* Build configuration list for PBXNativeTarget "Shefi Prrenjas App Store Lac VegasTests" */;
			buildPhases = (
				9960AA6527A14C22000737C5 /* Sources */,
				9960AA6627A14C22000737C5 /* Frameworks */,
				9960AA6727A14C22000737C5 /* Resources */,
			);
			buildRules = (
			);
			dependencies = (
				9960AA6B27A14C22000737C5 /* PBXTargetDependency */,
			);
			name = "Shefi Prrenjas App Store Lac VegasTests";
			productName = "Shefi Prrenjas App Store Lac VegasTests";
			productReference = 9960AA6927A14C22000737C5 /* Shefi Prrenjas App Store Lac VegasTests.xctest */;
			productType = "com.apple.product-type.bundle.unit-test";
		};
		9960AA7227A14C22000737C5 /* Shefi Prrenjas App Store Lac VegasUITests */ = {
			isa = PBXNativeTarget;
			buildConfigurationList = 9960AA8327A14C22000737C5 /* Build configuration list for PBXNativeTarget "Shefi Prrenjas App Store Lac VegasUITests" */;
			buildPhases = (
				9960AA6F27A14C22000737C5 /* Sources */,
				9960AA7027A14C22000737C5 /* Frameworks */,
				9960AA7127A14C22000737C5 /* Resources */,
			);
			buildRules = (
			);
			dependencies = (
				9960AA7527A14C22000737C5 /* PBXTargetDependency */,
			);
			name = "Shefi Prrenjas App Store Lac VegasUITests";
			productName = "Shefi Prrenjas App Store Lac VegasUITests";
			productReference = 9960AA7327A14C22000737C5 /* Shefi Prrenjas App Store Lac VegasUITests.xctest */;
			productType = "com.apple.product-type.bundle.ui-testing";
		};
/* End PBXNativeTarget section */

/* Begin PBXProject section */
		9960AA5127A14C21000737C5 /* Project object */ = {
			isa = PBXProject;
			attributes = {
				BuildIndependentTargetsInParallel = 1;
				LastSwiftUpdateCheck = 1320;
				LastUpgradeCheck = 1320;
				TargetAttributes = {
					9960AA5827A14C21000737C5 = {
						CreatedOnToolsVersion = 13.2.1;
					};
					9960AA6827A14C22000737C5 = {
						CreatedOnToolsVersion = 13.2.1;
						TestTargetID = 9960AA5827A14C21000737C5;
					};
					9960AA7227A14C22000737C5 = {
						CreatedOnToolsVersion = 13.2.1;
						TestTargetID = 9960AA5827A14C21000737C5;
					};
				};
			};
			buildConfigurationList = 9960AA5427A14C21000737C5 /* Build configuration list for PBXProject "Shefi Prrenjas App Store Lac Vegas" */;
			compatibilityVersion = "Xcode 13.0";
			developmentRegion = en;
			hasScannedForEncodings = 0;
			knownRegions = (
				en,
				Base,
			);
			mainGroup = 9960AA5027A14C21000737C5;
			productRefGroup = 9960AA5A27A14C21000737C5 /* Products */;
			projectDirPath = "";
			projectRoot = "";
			targets = (
				9960AA5827A14C21000737C5 /* Shefi Prrenjas App Store Lac Vegas */,
				9960AA6827A14C22000737C5 /* Shefi Prrenjas App Store Lac VegasTests */,
				9960AA7227A14C22000737C5 /* Shefi Prrenjas App Store Lac VegasUITests */,
			);
		};
/* End PBXProject section */

/* Begin PBXResourcesBuildPhase section */
		9960AA5727A14C21000737C5 /* Resources */ = {
			isa = PBXResourcesBuildPhase;
			buildActionMask = 2147483647;
			files = (
				9960AA6427A14C22000737C5 /* Preview Assets.xcassets in Resources */,
				9960AA6127A14C22000737C5 /* Assets.xcassets in Resources */,
			);
			runOnlyForDeploymentPostprocessing = 0;
		};
		9960AA6727A14C22000737C5 /* Resources */ = {
			isa = PBXResourcesBuildPhase;
			buildActionMask = 2147483647;
			files = (
			);
			runOnlyForDeploymentPostprocessing = 0;
		};
		9960AA7127A14C22000737C5 /* Resources */ = {
			isa = PBXResourcesBuildPhase;
			buildActionMask = 2147483647;
			files = (
			);
			runOnlyForDeploymentPostprocessing = 0;
		};
/* End PBXResourcesBuildPhase section */

/* Begin PBXSourcesBuildPhase section */
		9960AA5527A14C21000737C5 /* Sources */ = {
			isa = PBXSourcesBuildPhase;
			buildActionMask = 2147483647;
			files = (
				9960AA5F27A14C21000737C5 /* ContentView.swift in Sources */,
				9960AA5D27A14C21000737C5 /* Shefi_Prrenjas_App_Store_Lac_VegasApp.swift in Sources */,
			);
			runOnlyForDeploymentPostprocessing = 0;
		};
		9960AA6527A14C22000737C5 /* Sources */ = {
			isa = PBXSourcesBuildPhase;
			buildActionMask = 2147483647;
			files = (
				9960AA6E27A14C22000737C5 /* Shefi_Prrenjas_App_Store_Lac_VegasTests.swift in Sources */,
			);
			runOnlyForDeploymentPostprocessing = 0;
		};
		9960AA6F27A14C22000737C5 /* Sources */ = {
			isa = PBXSourcesBuildPhase;
			buildActionMask = 2147483647;
			files = (
				9960AA7827A14C22000737C5 /* Shefi_Prrenjas_App_Store_Lac_VegasUITests.swift in Sources */,
				9960AA7A27A14C22000737C5 /* Shefi_Prrenjas_App_Store_Lac_VegasUITestsLaunchTests.swift in Sources */,
			);
			runOnlyForDeploymentPostprocessing = 0;
		};
/* End PBXSourcesBuildPhase section */

/* Begin PBXTargetDependency section */
		9960AA6B27A14C22000737C5 /* PBXTargetDependency */ = {
			isa = PBXTargetDependency;
			target = 9960AA5827A14C21000737C5 /* Shefi Prrenjas App Store Lac Vegas */;
			targetProxy = 9960AA6A27A14C22000737C5 /* PBXContainerItemProxy */;
		};
		9960AA7527A14C22000737C5 /* PBXTargetDependency */ = {
			isa = PBXTargetDependency;
			target = 9960AA5827A14C21000737C5 /* Shefi Prrenjas App Store Lac Vegas */;
			targetProxy = 9960AA7427A14C22000737C5 /* PBXContainerItemProxy */;
		};
/* End PBXTargetDependency section */

/* Begin XCBuildConfiguration section */
		9960AA7B27A14C22000737C5 /* Debug */ = {
			isa = XCBuildConfiguration;
			buildSettings = {
				ALWAYS_SEARCH_USER_PATHS = NO;
				CLANG_ANALYZER_NONNULL = YES;
				CLANG_ANALYZER_NUMBER_OBJECT_CONVERSION = YES_AGGRESSIVE;
				CLANG_CXX_LANGUAGE_STANDARD = "gnu++17";
				CLANG_CXX_LIBRARY = "libc++";
				CLANG_ENABLE_MODULES = YES;
				CLANG_ENABLE_OBJC_ARC = YES;
				CLANG_ENABLE_OBJC_WEAK = YES;
				CLANG_WARN_BLOCK_CAPTURE_AUTORELEASING = YES;
				CLANG_WARN_BOOL_CONVERSION = YES;
				CLANG_WARN_COMMA = YES;
				CLANG_WARN_CONSTANT_CONVERSION = YES;
				CLANG_WARN_DEPRECATED_OBJC_IMPLEMENTATIONS = YES;
				CLANG_WARN_DIRECT_OBJC_ISA_USAGE = YES_ERROR;
				CLANG_WARN_DOCUMENTATION_COMMENTS = YES;
				CLANG_WARN_EMPTY_BODY = YES;
				CLANG_WARN_ENUM_CONVERSION = YES;
				CLANG_WARN_INFINITE_RECURSION = YES;
				CLANG_WARN_INT_CONVERSION = YES;
				CLANG_WARN_NON_LITERAL_NULL_CONVERSION = YES;
				CLANG_WARN_OBJC_IMPLICIT_RETAIN_SELF = YES;
				CLANG_WARN_OBJC_LITERAL_CONVERSION = YES;
				CLANG_WARN_OBJC_ROOT_CLASS = YES_ERROR;
				CLANG_WARN_QUOTED_INCLUDE_IN_FRAMEWORK_HEADER = YES;
				CLANG_WARN_RANGE_LOOP_ANALYSIS = YES;
				CLANG_WARN_STRICT_PROTOTYPES = YES;
				CLANG_WARN_SUSPICIOUS_MOVE = YES;
				CLANG_WARN_UNGUARDED_AVAILABILITY = YES_AGGRESSIVE;
				CLANG_WARN_UNREACHABLE_CODE = YES;
				CLANG_WARN__DUPLICATE_METHOD_MATCH = YES;
				COPY_PHASE_STRIP = NO;
				DEBUG_INFORMATION_FORMAT = dwarf;
				ENABLE_STRICT_OBJC_MSGSEND = YES;
				ENABLE_TESTABILITY = YES;
				GCC_C_LANGUAGE_STANDARD = gnu11;
				GCC_DYNAMIC_NO_PIC = NO;
				GCC_NO_COMMON_BLOCKS = YES;
				GCC_OPTIMIZATION_LEVEL = 0;
				GCC_PREPROCESSOR_DEFINITIONS = (
					"DEBUG=1",
					"$(inherited)",
				);
				GCC_WARN_64_TO_32_BIT_CONVERSION = YES;
				GCC_WARN_ABOUT_RETURN_TYPE = YES_ERROR;
				GCC_WARN_UNDECLARED_SELECTOR = YES;
				GCC_WARN_UNINITIALIZED_AUTOS = YES_AGGRESSIVE;
				GCC_WARN_UNUSED_FUNCTION = YES;
				GCC_WARN_UNUSED_VARIABLE = YES;
				IPHONEOS_DEPLOYMENT_TARGET = 15.2;
				MTL_ENABLE_DEBUG_INFO = INCLUDE_SOURCE;
				MTL_FAST_MATH = YES;
				ONLY_ACTIVE_ARCH = YES;
				SDKROOT = iphoneos;
				SWIFT_ACTIVE_COMPILATION_CONDITIONS = DEBUG;
				SWIFT_OPTIMIZATION_LEVEL = "-Onone";
			};
			name = Debug;
		};
		9960AA7C27A14C22000737C5 /* Release */ = {
			isa = XCBuildConfiguration;
			buildSettings = {
				ALWAYS_SEARCH_USER_PATHS = NO;
				CLANG_ANALYZER_NONNULL = YES;
				CLANG_ANALYZER_NUMBER_OBJECT_CONVERSION = YES_AGGRESSIVE;
				CLANG_CXX_LANGUAGE_STANDARD = "gnu++17";
				CLANG_CXX_LIBRARY = "libc++";
				CLANG_ENABLE_MODULES = YES;
				CLANG_ENABLE_OBJC_ARC = YES;
				CLANG_ENABLE_OBJC_WEAK = YES;
				CLANG_WARN_BLOCK_CAPTURE_AUTORELEASING = YES;
				CLANG_WARN_BOOL_CONVERSION = YES;
				CLANG_WARN_COMMA = YES;
				CLANG_WARN_CONSTANT_CONVERSION = YES;
				CLANG_WARN_DEPRECATED_OBJC_IMPLEMENTATIONS = YES;
				CLANG_WARN_DIRECT_OBJC_ISA_USAGE = YES_ERROR;
				CLANG_WARN_DOCUMENTATION_COMMENTS = YES;
				CLANG_WARN_EMPTY_BODY = YES;
				CLANG_WARN_ENUM_CONVERSION = YES;
				CLANG_WARN_INFINITE_RECURSION = YES;
				CLANG_WARN_INT_CONVERSION = YES;
				CLANG_WARN_NON_LITERAL_NULL_CONVERSION = YES;
				CLANG_WARN_OBJC_IMPLICIT_RETAIN_SELF = YES;
				CLANG_WARN_OBJC_LITERAL_CONVERSION = YES;
				CLANG_WARN_OBJC_ROOT_CLASS = YES_ERROR;
				CLANG_WARN_QUOTED_INCLUDE_IN_FRAMEWORK_HEADER = YES;
				CLANG_WARN_RANGE_LOOP_ANALYSIS = YES;
				CLANG_WARN_STRICT_PROTOTYPES = YES;
				CLANG_WARN_SUSPICIOUS_MOVE = YES;
				CLANG_WARN_UNGUARDED_AVAILABILITY = YES_AGGRESSIVE;
				CLANG_WARN_UNREACHABLE_CODE = YES;
				CLANG_WARN__DUPLICATE_METHOD_MATCH = YES;
				COPY_PHASE_STRIP = NO;
				DEBUG_INFORMATION_FORMAT = "dwarf-with-dsym";
				ENABLE_NS_ASSERTIONS = NO;
				ENABLE_STRICT_OBJC_MSGSEND = YES;
				GCC_C_LANGUAGE_STANDARD = gnu11;
				GCC_NO_COMMON_BLOCKS = YES;
				GCC_WARN_64_TO_32_BIT_CONVERSION = YES;
				GCC_WARN_ABOUT_RETURN_TYPE = YES_ERROR;
				GCC_WARN_UNDECLARED_SELECTOR = YES;
				GCC_WARN_UNINITIALIZED_AUTOS = YES_AGGRESSIVE;
				GCC_WARN_UNUSED_FUNCTION = YES;
				GCC_WARN_UNUSED_VARIABLE = YES;
				IPHONEOS_DEPLOYMENT_TARGET = 15.2;
				MTL_ENABLE_DEBUG_INFO = NO;
				MTL_FAST_MATH = YES;
				SDKROOT = iphoneos;
				SWIFT_COMPILATION_MODE = wholemodule;
				SWIFT_OPTIMIZATION_LEVEL = "-O";
				VALIDATE_PRODUCT = YES;
			};
			name = Release;
		};
		9960AA7E27A14C22000737C5 /* Debug */ = {
			isa = XCBuildConfiguration;
			buildSettings = {
				ASSETCATALOG_COMPILER_APPICON_NAME = AppIcon;
				ASSETCATALOG_COMPILER_GLOBAL_ACCENT_COLOR_NAME = AccentColor;
				CODE_SIGN_STYLE = Automatic;
				CURRENT_PROJECT_VERSION = 1;
				DEVELOPMENT_ASSET_PATHS = "\"Shefi Prrenjas App Store Lac Vegas/Preview Content\"";
				ENABLE_PREVIEWS = YES;
				GENERATE_INFOPLIST_FILE = YES;
				INFOPLIST_KEY_UIApplicationSceneManifest_Generation = YES;
				INFOPLIST_KEY_UIApplicationSupportsIndirectInputEvents = YES;
				INFOPLIST_KEY_UILaunchScreen_Generation = YES;
				INFOPLIST_KEY_UISupportedInterfaceOrientations_iPad = "UIInterfaceOrientationPortrait UIInterfaceOrientationPortraitUpsideDown UIInterfaceOrientationLandscapeLeft UIInterfaceOrientationLandscapeRight";
				INFOPLIST_KEY_UISupportedInterfaceOrientations_iPhone = "UIInterfaceOrientationPortrait UIInterfaceOrientationLandscapeLeft UIInterfaceOrientationLandscapeRight";
				LD_RUNPATH_SEARCH_PATHS = (
					"$(inherited)",
					"@executable_path/Frameworks",
				);
				MARKETING_VERSION = 1.0;
				PRODUCT_BUNDLE_IDENTIFIER = "org.redi.Shefi-Prrenjas-App-Store-Lac-Vegas";
				PRODUCT_NAME = "$(TARGET_NAME)";
				SWIFT_EMIT_LOC_STRINGS = YES;
				SWIFT_VERSION = 5.0;
				TARGETED_DEVICE_FAMILY = "1,2";
			};
			name = Debug;
		};
		9960AA7F27A14C22000737C5 /* Release */ = {
			isa = XCBuildConfiguration;
			buildSettings = {
				ASSETCATALOG_COMPILER_APPICON_NAME = AppIcon;
				ASSETCATALOG_COMPILER_GLOBAL_ACCENT_COLOR_NAME = AccentColor;
				CODE_SIGN_STYLE = Automatic;
				CURRENT_PROJECT_VERSION = 1;
				DEVELOPMENT_ASSET_PATHS = "\"Shefi Prrenjas App Store Lac Vegas/Preview Content\"";
				ENABLE_PREVIEWS = YES;
				GENERATE_INFOPLIST_FILE = YES;
				INFOPLIST_KEY_UIApplicationSceneManifest_Generation = YES;
				INFOPLIST_KEY_UIApplicationSupportsIndirectInputEvents = YES;
				INFOPLIST_KEY_UILaunchScreen_Generation = YES;
				INFOPLIST_KEY_UISupportedInterfaceOrientations_iPad = "UIInterfaceOrientationPortrait UIInterfaceOrientationPortraitUpsideDown UIInterfaceOrientationLandscapeLeft UIInterfaceOrientationLandscapeRight";
				INFOPLIST_KEY_UISupportedInterfaceOrientations_iPhone = "UIInterfaceOrientationPortrait UIInterfaceOrientationLandscapeLeft UIInterfaceOrientationLandscapeRight";
				LD_RUNPATH_SEARCH_PATHS = (
					"$(inherited)",
					"@executable_path/Frameworks",
				);
				MARKETING_VERSION = 1.0;
				PRODUCT_BUNDLE_IDENTIFIER = "org.redi.Shefi-Prrenjas-App-Store-Lac-Vegas";
				PRODUCT_NAME = "$(TARGET_NAME)";
				SWIFT_EMIT_LOC_STRINGS = YES;
				SWIFT_VERSION = 5.0;
				TARGETED_DEVICE_FAMILY = "1,2";
			};
			name = Release;
		};
		9960AA8127A14C22000737C5 /* Debug */ = {
			isa = XCBuildConfiguration;
			buildSettings = {
				ALWAYS_EMBED_SWIFT_STANDARD_LIBRARIES = YES;
				BUNDLE_LOADER = "$(TEST_HOST)";
				CODE_SIGN_STYLE = Automatic;
				CURRENT_PROJECT_VERSION = 1;
				GENERATE_INFOPLIST_FILE = YES;
				IPHONEOS_DEPLOYMENT_TARGET = 15.2;
				MARKETING_VERSION = 1.0;
				PRODUCT_BUNDLE_IDENTIFIER = "org.redi.Shefi-Prrenjas-App-Store-Lac-VegasTests";
				PRODUCT_NAME = "$(TARGET_NAME)";
				SWIFT_EMIT_LOC_STRINGS = NO;
				SWIFT_VERSION = 5.0;
				TARGETED_DEVICE_FAMILY = "1,2";
				TEST_HOST = "$(BUILT_PRODUCTS_DIR)/Shefi Prrenjas App Store Lac Vegas.app/Shefi Prrenjas App Store Lac Vegas";
			};
			name = Debug;
		};
		9960AA8227A14C22000737C5 /* Release */ = {
			isa = XCBuildConfiguration;
			buildSettings = {
				ALWAYS_EMBED_SWIFT_STANDARD_LIBRARIES = YES;
				BUNDLE_LOADER = "$(TEST_HOST)";
				CODE_SIGN_STYLE = Automatic;
				CURRENT_PROJECT_VERSION = 1;
				GENERATE_INFOPLIST_FILE = YES;
				IPHONEOS_DEPLOYMENT_TARGET = 15.2;
				MARKETING_VERSION = 1.0;
				PRODUCT_BUNDLE_IDENTIFIER = "org.redi.Shefi-Prrenjas-App-Store-Lac-VegasTests";
				PRODUCT_NAME = "$(TARGET_NAME)";
				SWIFT_EMIT_LOC_STRINGS = NO;
				SWIFT_VERSION = 5.0;
				TARGETED_DEVICE_FAMILY = "1,2";
				TEST_HOST = "$(BUILT_PRODUCTS_DIR)/Shefi Prrenjas App Store Lac Vegas.app/Shefi Prrenjas App Store Lac Vegas";
			};
			name = Release;
		};
		9960AA8427A14C22000737C5 /* Debug */ = {
			isa = XCBuildConfiguration;
			buildSettings = {
				ALWAYS_EMBED_SWIFT_STANDARD_LIBRARIES = YES;
				CODE_SIGN_STYLE = Automatic;
				CURRENT_PROJECT_VERSION = 1;
				GENERATE_INFOPLIST_FILE = YES;
				MARKETING_VERSION = 1.0;
				PRODUCT_BUNDLE_IDENTIFIER = "org.redi.Shefi-Prrenjas-App-Store-Lac-VegasUITests";
				PRODUCT_NAME = "$(TARGET_NAME)";
				SWIFT_EMIT_LOC_STRINGS = NO;
				SWIFT_VERSION = 5.0;
				TARGETED_DEVICE_FAMILY = "1,2";
				TEST_TARGET_NAME = "Shefi Prrenjas App Store Lac Vegas";
			};
			name = Debug;
		};
		9960AA8527A14C22000737C5 /* Release */ = {
			isa = XCBuildConfiguration;
			buildSettings = {
				ALWAYS_EMBED_SWIFT_STANDARD_LIBRARIES = YES;
				CODE_SIGN_STYLE = Automatic;
				CURRENT_PROJECT_VERSION = 1;
				GENERATE_INFOPLIST_FILE = YES;
				MARKETING_VERSION = 1.0;
				PRODUCT_BUNDLE_IDENTIFIER = "org.redi.Shefi-Prrenjas-App-Store-Lac-VegasUITests";
				PRODUCT_NAME = "$(TARGET_NAME)";
				SWIFT_EMIT_LOC_STRINGS = NO;
				SWIFT_VERSION = 5.0;
				TARGETED_DEVICE_FAMILY = "1,2";
				TEST_TARGET_NAME = "Shefi Prrenjas App Store Lac Vegas";
			};
			name = Release;
		};
/* End XCBuildConfiguration section */

/* Begin XCConfigurationList section */
		9960AA5427A14C21000737C5 /* Build configuration list for PBXProject "Shefi Prrenjas App Store Lac Vegas" */ = {
			isa = XCConfigurationList;
			buildConfigurations = (
				9960AA7B27A14C22000737C5 /* Debug */,
				9960AA7C27A14C22000737C5 /* Release */,
			);
			defaultConfigurationIsVisible = 0;
			defaultConfigurationName = Release;
		};
		9960AA7D27A14C22000737C5 /* Build configuration list for PBXNativeTarget "Shefi Prrenjas App Store Lac Vegas" */ = {
			isa = XCConfigurationList;
			buildConfigurations = (
				9960AA7E27A14C22000737C5 /* Debug */,
				9960AA7F27A14C22000737C5 /* Release */,
			);
			defaultConfigurationIsVisible = 0;
			defaultConfigurationName = Release;
		};
		9960AA8027A14C22000737C5 /* Build configuration list for PBXNativeTarget "Shefi Prrenjas App Store Lac VegasTests" */ = {
			isa = XCConfigurationList;
			buildConfigurations = (
				9960AA8127A14C22000737C5 /* Debug */,
				9960AA8227A14C22000737C5 /* Release */,
			);
			defaultConfigurationIsVisible = 0;
			defaultConfigurationName = Release;
		};
		9960AA8327A14C22000737C5 /* Build configuration list for PBXNativeTarget "Shefi Prrenjas App Store Lac VegasUITests" */ = {
			isa = XCConfigurationList;
			buildConfigurations = (
				9960AA8427A14C22000737C5 /* Debug */,
				9960AA8527A14C22000737C5 /* Release */,
			);
			defaultConfigurationIsVisible = 0;
			defaultConfigurationName = Release;
		};
/* End XCConfigurationList section */
	};
	rootObject = 9960AA5127A14C21000737C5 /* Project object */;
}
